// !$*UTF8*$!
{
	archiveVersion = 1;
	classes = {
	};
	objectVersion = 50;
	objects = {

/* Begin PBXBuildFile section */
		720C9CC622C8500D0043121E /* main.cpp in Sources */ = {isa = PBXBuildFile; fileRef = 720C9CC522C8500D0043121E /* main.cpp */; };
		720FE31C22D8C1D400D0E930 /* main.cpp in Sources */ = {isa = PBXBuildFile; fileRef = 720FE31B22D8C1D400D0E930 /* main.cpp */; };
		720FE32722D8C31B00D0E930 /* main.cpp in Sources */ = {isa = PBXBuildFile; fileRef = 720FE32622D8C31B00D0E930 /* main.cpp */; };
		72BD51D522D0360D0040632E /* main.cpp in Sources */ = {isa = PBXBuildFile; fileRef = 72BD51D422D0360D0040632E /* main.cpp */; };
		72BD51E022D03CF80040632E /* main.cpp in Sources */ = {isa = PBXBuildFile; fileRef = 72BD51DF22D03CF80040632E /* main.cpp */; };
		72CCB3E022C7056500DF1C59 /* main.cpp in Sources */ = {isa = PBXBuildFile; fileRef = 72CCB3DF22C7056500DF1C59 /* main.cpp */; };
		72CCB3EB22C7080A00DF1C59 /* main.cpp in Sources */ = {isa = PBXBuildFile; fileRef = 72CCB3EA22C7080A00DF1C59 /* main.cpp */; };
		72CF1D4222C639C9000178AD /* main.cpp in Sources */ = {isa = PBXBuildFile; fileRef = 72CF1D4122C639C9000178AD /* main.cpp */; };
		72CF1D4D22C63CD9000178AD /* main.cpp in Sources */ = {isa = PBXBuildFile; fileRef = 72CF1D4C22C63CD9000178AD /* main.cpp */; };
		72CF1D5822C63E1A000178AD /* main.cpp in Sources */ = {isa = PBXBuildFile; fileRef = 72CF1D5722C63E1A000178AD /* main.cpp */; };
		72CF1D6322C63F8E000178AD /* main.cpp in Sources */ = {isa = PBXBuildFile; fileRef = 72CF1D6222C63F8E000178AD /* main.cpp */; };
		72CF1D6E22C640DC000178AD /* main.cpp in Sources */ = {isa = PBXBuildFile; fileRef = 72CF1D6D22C640DC000178AD /* main.cpp */; };
		72CF1D7922C64985000178AD /* main.cpp in Sources */ = {isa = PBXBuildFile; fileRef = 72CF1D7822C64985000178AD /* main.cpp */; };
		72D54EEF22C5F92600BCB62A /* main.cpp in Sources */ = {isa = PBXBuildFile; fileRef = 72D54EEE22C5F92600BCB62A /* main.cpp */; };
		72D54EFC22C5FC5C00BCB62A /* main.cpp in Sources */ = {isa = PBXBuildFile; fileRef = 72D54EFB22C5FC5C00BCB62A /* main.cpp */; };
		72D54F0722C5FE7A00BCB62A /* main.cpp in Sources */ = {isa = PBXBuildFile; fileRef = 72D54F0622C5FE7A00BCB62A /* main.cpp */; };
		72D54F1222C5FF4600BCB62A /* main.cpp in Sources */ = {isa = PBXBuildFile; fileRef = 72D54F1122C5FF4600BCB62A /* main.cpp */; };
		72D54F1D22C6033E00BCB62A /* main.cpp in Sources */ = {isa = PBXBuildFile; fileRef = 72D54F1C22C6033E00BCB62A /* main.cpp */; };
		72E31DA822CF87C500CFB43F /* main.cpp in Sources */ = {isa = PBXBuildFile; fileRef = 72E31DA722CF87C500CFB43F /* main.cpp */; };
/* End PBXBuildFile section */

/* Begin PBXCopyFilesBuildPhase section */
		720C9CC122C8500D0043121E /* CopyFiles */ = {
			isa = PBXCopyFilesBuildPhase;
			buildActionMask = 2147483647;
			dstPath = /usr/share/man/man1/;
			dstSubfolderSpec = 0;
			files = (
			);
			runOnlyForDeploymentPostprocessing = 1;
		};
		720FE31722D8C1D400D0E930 /* CopyFiles */ = {
			isa = PBXCopyFilesBuildPhase;
			buildActionMask = 2147483647;
			dstPath = /usr/share/man/man1/;
			dstSubfolderSpec = 0;
			files = (
			);
			runOnlyForDeploymentPostprocessing = 1;
		};
		720FE32222D8C31B00D0E930 /* CopyFiles */ = {
			isa = PBXCopyFilesBuildPhase;
			buildActionMask = 2147483647;
			dstPath = /usr/share/man/man1/;
			dstSubfolderSpec = 0;
			files = (
			);
			runOnlyForDeploymentPostprocessing = 1;
		};
		72BD51D022D0360D0040632E /* CopyFiles */ = {
			isa = PBXCopyFilesBuildPhase;
			buildActionMask = 2147483647;
			dstPath = /usr/share/man/man1/;
			dstSubfolderSpec = 0;
			files = (
			);
			runOnlyForDeploymentPostprocessing = 1;
		};
		72BD51DB22D03CF70040632E /* CopyFiles */ = {
			isa = PBXCopyFilesBuildPhase;
			buildActionMask = 2147483647;
			dstPath = /usr/share/man/man1/;
			dstSubfolderSpec = 0;
			files = (
			);
			runOnlyForDeploymentPostprocessing = 1;
		};
		72CCB3DB22C7056500DF1C59 /* CopyFiles */ = {
			isa = PBXCopyFilesBuildPhase;
			buildActionMask = 2147483647;
			dstPath = /usr/share/man/man1/;
			dstSubfolderSpec = 0;
			files = (
			);
			runOnlyForDeploymentPostprocessing = 1;
		};
		72CCB3E622C7080A00DF1C59 /* CopyFiles */ = {
			isa = PBXCopyFilesBuildPhase;
			buildActionMask = 2147483647;
			dstPath = /usr/share/man/man1/;
			dstSubfolderSpec = 0;
			files = (
			);
			runOnlyForDeploymentPostprocessing = 1;
		};
		72CF1D3D22C639C9000178AD /* CopyFiles */ = {
			isa = PBXCopyFilesBuildPhase;
			buildActionMask = 2147483647;
			dstPath = /usr/share/man/man1/;
			dstSubfolderSpec = 0;
			files = (
			);
			runOnlyForDeploymentPostprocessing = 1;
		};
		72CF1D4822C63CD9000178AD /* CopyFiles */ = {
			isa = PBXCopyFilesBuildPhase;
			buildActionMask = 2147483647;
			dstPath = /usr/share/man/man1/;
			dstSubfolderSpec = 0;
			files = (
			);
			runOnlyForDeploymentPostprocessing = 1;
		};
		72CF1D5322C63E1A000178AD /* CopyFiles */ = {
			isa = PBXCopyFilesBuildPhase;
			buildActionMask = 2147483647;
			dstPath = /usr/share/man/man1/;
			dstSubfolderSpec = 0;
			files = (
			);
			runOnlyForDeploymentPostprocessing = 1;
		};
		72CF1D5E22C63F8E000178AD /* CopyFiles */ = {
			isa = PBXCopyFilesBuildPhase;
			buildActionMask = 2147483647;
			dstPath = /usr/share/man/man1/;
			dstSubfolderSpec = 0;
			files = (
			);
			runOnlyForDeploymentPostprocessing = 1;
		};
		72CF1D6922C640DC000178AD /* CopyFiles */ = {
			isa = PBXCopyFilesBuildPhase;
			buildActionMask = 2147483647;
			dstPath = /usr/share/man/man1/;
			dstSubfolderSpec = 0;
			files = (
			);
			runOnlyForDeploymentPostprocessing = 1;
		};
		72CF1D7422C64985000178AD /* CopyFiles */ = {
			isa = PBXCopyFilesBuildPhase;
			buildActionMask = 2147483647;
			dstPath = /usr/share/man/man1/;
			dstSubfolderSpec = 0;
			files = (
			);
			runOnlyForDeploymentPostprocessing = 1;
		};
		72D54EE922C5F92600BCB62A /* CopyFiles */ = {
			isa = PBXCopyFilesBuildPhase;
			buildActionMask = 2147483647;
			dstPath = /usr/share/man/man1/;
			dstSubfolderSpec = 0;
			files = (
			);
			runOnlyForDeploymentPostprocessing = 1;
		};
		72D54EF722C5FC5C00BCB62A /* CopyFiles */ = {
			isa = PBXCopyFilesBuildPhase;
			buildActionMask = 2147483647;
			dstPath = /usr/share/man/man1/;
			dstSubfolderSpec = 0;
			files = (
			);
			runOnlyForDeploymentPostprocessing = 1;
		};
		72D54F0222C5FE7A00BCB62A /* CopyFiles */ = {
			isa = PBXCopyFilesBuildPhase;
			buildActionMask = 2147483647;
			dstPath = /usr/share/man/man1/;
			dstSubfolderSpec = 0;
			files = (
			);
			runOnlyForDeploymentPostprocessing = 1;
		};
		72D54F0D22C5FF4600BCB62A /* CopyFiles */ = {
			isa = PBXCopyFilesBuildPhase;
			buildActionMask = 2147483647;
			dstPath = /usr/share/man/man1/;
			dstSubfolderSpec = 0;
			files = (
			);
			runOnlyForDeploymentPostprocessing = 1;
		};
		72D54F1822C6033E00BCB62A /* CopyFiles */ = {
			isa = PBXCopyFilesBuildPhase;
			buildActionMask = 2147483647;
			dstPath = /usr/share/man/man1/;
			dstSubfolderSpec = 0;
			files = (
			);
			runOnlyForDeploymentPostprocessing = 1;
		};
		72E31DA322CF87C500CFB43F /* CopyFiles */ = {
			isa = PBXCopyFilesBuildPhase;
			buildActionMask = 2147483647;
			dstPath = /usr/share/man/man1/;
			dstSubfolderSpec = 0;
			files = (
			);
			runOnlyForDeploymentPostprocessing = 1;
		};
/* End PBXCopyFilesBuildPhase section */

/* Begin PBXFileReference section */
		720C9CC322C8500D0043121E /* isBalanced */ = {isa = PBXFileReference; explicitFileType = "compiled.mach-o.executable"; includeInIndex = 0; path = isBalanced; sourceTree = BUILT_PRODUCTS_DIR; };
		720C9CC522C8500D0043121E /* main.cpp */ = {isa = PBXFileReference; lastKnownFileType = sourcecode.cpp.cpp; path = main.cpp; sourceTree = "<group>"; };
		720FE31922D8C1D400D0E930 /* Traversal */ = {isa = PBXFileReference; explicitFileType = "compiled.mach-o.executable"; includeInIndex = 0; path = Traversal; sourceTree = BUILT_PRODUCTS_DIR; };
		720FE31B22D8C1D400D0E930 /* main.cpp */ = {isa = PBXFileReference; lastKnownFileType = sourcecode.cpp.cpp; path = main.cpp; sourceTree = "<group>"; };
		720FE32422D8C31B00D0E930 /* maxSubArray */ = {isa = PBXFileReference; explicitFileType = "compiled.mach-o.executable"; includeInIndex = 0; path = maxSubArray; sourceTree = BUILT_PRODUCTS_DIR; };
		720FE32622D8C31B00D0E930 /* main.cpp */ = {isa = PBXFileReference; lastKnownFileType = sourcecode.cpp.cpp; path = main.cpp; sourceTree = "<group>"; };
		72BD51D222D0360D0040632E /* addTwoNumbers */ = {isa = PBXFileReference; explicitFileType = "compiled.mach-o.executable"; includeInIndex = 0; path = addTwoNumbers; sourceTree = BUILT_PRODUCTS_DIR; };
		72BD51D422D0360D0040632E /* main.cpp */ = {isa = PBXFileReference; lastKnownFileType = sourcecode.cpp.cpp; path = main.cpp; sourceTree = "<group>"; };
		72BD51DD22D03CF70040632E /* lengthOfLongestSubstring */ = {isa = PBXFileReference; explicitFileType = "compiled.mach-o.executable"; includeInIndex = 0; path = lengthOfLongestSubstring; sourceTree = BUILT_PRODUCTS_DIR; };
		72BD51DF22D03CF80040632E /* main.cpp */ = {isa = PBXFileReference; lastKnownFileType = sourcecode.cpp.cpp; path = main.cpp; sourceTree = "<group>"; };
		72CCB3DD22C7056500DF1C59 /* lengthOfLastWord */ = {isa = PBXFileReference; explicitFileType = "compiled.mach-o.executable"; includeInIndex = 0; path = lengthOfLastWord; sourceTree = BUILT_PRODUCTS_DIR; };
		72CCB3DF22C7056500DF1C59 /* main.cpp */ = {isa = PBXFileReference; lastKnownFileType = sourcecode.cpp.cpp; path = main.cpp; sourceTree = "<group>"; };
		72CCB3E822C7080A00DF1C59 /* plusOne */ = {isa = PBXFileReference; explicitFileType = "compiled.mach-o.executable"; includeInIndex = 0; path = plusOne; sourceTree = BUILT_PRODUCTS_DIR; };
		72CCB3EA22C7080A00DF1C59 /* main.cpp */ = {isa = PBXFileReference; lastKnownFileType = sourcecode.cpp.cpp; path = main.cpp; sourceTree = "<group>"; };
		72CF1D3F22C639C9000178AD /* MyQueue */ = {isa = PBXFileReference; explicitFileType = "compiled.mach-o.executable"; includeInIndex = 0; path = MyQueue; sourceTree = BUILT_PRODUCTS_DIR; };
		72CF1D4122C639C9000178AD /* main.cpp */ = {isa = PBXFileReference; lastKnownFileType = sourcecode.cpp.cpp; path = main.cpp; sourceTree = "<group>"; };
		72CF1D4A22C63CD9000178AD /* deleteNode */ = {isa = PBXFileReference; explicitFileType = "compiled.mach-o.executable"; includeInIndex = 0; path = deleteNode; sourceTree = BUILT_PRODUCTS_DIR; };
		72CF1D4C22C63CD9000178AD /* main.cpp */ = {isa = PBXFileReference; lastKnownFileType = sourcecode.cpp.cpp; path = main.cpp; sourceTree = "<group>"; };
		72CF1D5522C63E1A000178AD /* isUgly */ = {isa = PBXFileReference; explicitFileType = "compiled.mach-o.executable"; includeInIndex = 0; path = isUgly; sourceTree = BUILT_PRODUCTS_DIR; };
		72CF1D5722C63E1A000178AD /* main.cpp */ = {isa = PBXFileReference; lastKnownFileType = sourcecode.cpp.cpp; path = main.cpp; sourceTree = "<group>"; };
		72CF1D6022C63F8E000178AD /* addDigits */ = {isa = PBXFileReference; explicitFileType = "compiled.mach-o.executable"; includeInIndex = 0; path = addDigits; sourceTree = BUILT_PRODUCTS_DIR; };
		72CF1D6222C63F8E000178AD /* main.cpp */ = {isa = PBXFileReference; lastKnownFileType = sourcecode.cpp.cpp; path = main.cpp; sourceTree = "<group>"; };
		72CF1D6B22C640DC000178AD /* intersection */ = {isa = PBXFileReference; explicitFileType = "compiled.mach-o.executable"; includeInIndex = 0; path = intersection; sourceTree = BUILT_PRODUCTS_DIR; };
		72CF1D6D22C640DC000178AD /* main.cpp */ = {isa = PBXFileReference; lastKnownFileType = sourcecode.cpp.cpp; path = main.cpp; sourceTree = "<group>"; };
		72CF1D7622C64985000178AD /* singleNumber */ = {isa = PBXFileReference; explicitFileType = "compiled.mach-o.executable"; includeInIndex = 0; path = singleNumber; sourceTree = BUILT_PRODUCTS_DIR; };
		72CF1D7822C64985000178AD /* main.cpp */ = {isa = PBXFileReference; lastKnownFileType = sourcecode.cpp.cpp; path = main.cpp; sourceTree = "<group>"; };
		72D54EEB22C5F92600BCB62A /* cplusplus */ = {isa = PBXFileReference; explicitFileType = "compiled.mach-o.executable"; includeInIndex = 0; path = cplusplus; sourceTree = BUILT_PRODUCTS_DIR; };
		72D54EEE22C5F92600BCB62A /* main.cpp */ = {isa = PBXFileReference; lastKnownFileType = sourcecode.cpp.cpp; path = main.cpp; sourceTree = "<group>"; };
		72D54EF922C5FC5C00BCB62A /* twoSum */ = {isa = PBXFileReference; explicitFileType = "compiled.mach-o.executable"; includeInIndex = 0; path = twoSum; sourceTree = BUILT_PRODUCTS_DIR; };
		72D54EFB22C5FC5C00BCB62A /* main.cpp */ = {isa = PBXFileReference; lastKnownFileType = sourcecode.cpp.cpp; path = main.cpp; sourceTree = "<group>"; };
		72D54F0422C5FE7A00BCB62A /* reverse */ = {isa = PBXFileReference; explicitFileType = "compiled.mach-o.executable"; includeInIndex = 0; path = reverse; sourceTree = BUILT_PRODUCTS_DIR; };
		72D54F0622C5FE7A00BCB62A /* main.cpp */ = {isa = PBXFileReference; lastKnownFileType = sourcecode.cpp.cpp; path = main.cpp; sourceTree = "<group>"; };
		72D54F0F22C5FF4600BCB62A /* isPalindrome */ = {isa = PBXFileReference; explicitFileType = "compiled.mach-o.executable"; includeInIndex = 0; path = isPalindrome; sourceTree = BUILT_PRODUCTS_DIR; };
		72D54F1122C5FF4600BCB62A /* main.cpp */ = {isa = PBXFileReference; lastKnownFileType = sourcecode.cpp.cpp; path = main.cpp; sourceTree = "<group>"; };
		72D54F1A22C6033E00BCB62A /* mergeTwoLists */ = {isa = PBXFileReference; explicitFileType = "compiled.mach-o.executable"; includeInIndex = 0; path = mergeTwoLists; sourceTree = BUILT_PRODUCTS_DIR; };
		72D54F1C22C6033E00BCB62A /* main.cpp */ = {isa = PBXFileReference; lastKnownFileType = sourcecode.cpp.cpp; path = main.cpp; sourceTree = "<group>"; };
		72E31DA522CF87C500CFB43F /* reverseList */ = {isa = PBXFileReference; explicitFileType = "compiled.mach-o.executable"; includeInIndex = 0; path = reverseList; sourceTree = BUILT_PRODUCTS_DIR; };
		72E31DA722CF87C500CFB43F /* main.cpp */ = {isa = PBXFileReference; lastKnownFileType = sourcecode.cpp.cpp; path = main.cpp; sourceTree = "<group>"; };
/* End PBXFileReference section */

/* Begin PBXFrameworksBuildPhase section */
		720C9CC022C8500D0043121E /* Frameworks */ = {
			isa = PBXFrameworksBuildPhase;
			buildActionMask = 2147483647;
			files = (
			);
			runOnlyForDeploymentPostprocessing = 0;
		};
		720FE31622D8C1D400D0E930 /* Frameworks */ = {
			isa = PBXFrameworksBuildPhase;
			buildActionMask = 2147483647;
			files = (
			);
			runOnlyForDeploymentPostprocessing = 0;
		};
		720FE32122D8C31B00D0E930 /* Frameworks */ = {
			isa = PBXFrameworksBuildPhase;
			buildActionMask = 2147483647;
			files = (
			);
			runOnlyForDeploymentPostprocessing = 0;
		};
		72BD51CF22D0360D0040632E /* Frameworks */ = {
			isa = PBXFrameworksBuildPhase;
			buildActionMask = 2147483647;
			files = (
			);
			runOnlyForDeploymentPostprocessing = 0;
		};
		72BD51DA22D03CF70040632E /* Frameworks */ = {
			isa = PBXFrameworksBuildPhase;
			buildActionMask = 2147483647;
			files = (
			);
			runOnlyForDeploymentPostprocessing = 0;
		};
		72CCB3DA22C7056500DF1C59 /* Frameworks */ = {
			isa = PBXFrameworksBuildPhase;
			buildActionMask = 2147483647;
			files = (
			);
			runOnlyForDeploymentPostprocessing = 0;
		};
		72CCB3E522C7080A00DF1C59 /* Frameworks */ = {
			isa = PBXFrameworksBuildPhase;
			buildActionMask = 2147483647;
			files = (
			);
			runOnlyForDeploymentPostprocessing = 0;
		};
		72CF1D3C22C639C9000178AD /* Frameworks */ = {
			isa = PBXFrameworksBuildPhase;
			buildActionMask = 2147483647;
			files = (
			);
			runOnlyForDeploymentPostprocessing = 0;
		};
		72CF1D4722C63CD9000178AD /* Frameworks */ = {
			isa = PBXFrameworksBuildPhase;
			buildActionMask = 2147483647;
			files = (
			);
			runOnlyForDeploymentPostprocessing = 0;
		};
		72CF1D5222C63E1A000178AD /* Frameworks */ = {
			isa = PBXFrameworksBuildPhase;
			buildActionMask = 2147483647;
			files = (
			);
			runOnlyForDeploymentPostprocessing = 0;
		};
		72CF1D5D22C63F8E000178AD /* Frameworks */ = {
			isa = PBXFrameworksBuildPhase;
			buildActionMask = 2147483647;
			files = (
			);
			runOnlyForDeploymentPostprocessing = 0;
		};
		72CF1D6822C640DC000178AD /* Frameworks */ = {
			isa = PBXFrameworksBuildPhase;
			buildActionMask = 2147483647;
			files = (
			);
			runOnlyForDeploymentPostprocessing = 0;
		};
		72CF1D7322C64985000178AD /* Frameworks */ = {
			isa = PBXFrameworksBuildPhase;
			buildActionMask = 2147483647;
			files = (
			);
			runOnlyForDeploymentPostprocessing = 0;
		};
		72D54EE822C5F92600BCB62A /* Frameworks */ = {
			isa = PBXFrameworksBuildPhase;
			buildActionMask = 2147483647;
			files = (
			);
			runOnlyForDeploymentPostprocessing = 0;
		};
		72D54EF622C5FC5C00BCB62A /* Frameworks */ = {
			isa = PBXFrameworksBuildPhase;
			buildActionMask = 2147483647;
			files = (
			);
			runOnlyForDeploymentPostprocessing = 0;
		};
		72D54F0122C5FE7A00BCB62A /* Frameworks */ = {
			isa = PBXFrameworksBuildPhase;
			buildActionMask = 2147483647;
			files = (
			);
			runOnlyForDeploymentPostprocessing = 0;
		};
		72D54F0C22C5FF4600BCB62A /* Frameworks */ = {
			isa = PBXFrameworksBuildPhase;
			buildActionMask = 2147483647;
			files = (
			);
			runOnlyForDeploymentPostprocessing = 0;
		};
		72D54F1722C6033E00BCB62A /* Frameworks */ = {
			isa = PBXFrameworksBuildPhase;
			buildActionMask = 2147483647;
			files = (
			);
			runOnlyForDeploymentPostprocessing = 0;
		};
		72E31DA222CF87C500CFB43F /* Frameworks */ = {
			isa = PBXFrameworksBuildPhase;
			buildActionMask = 2147483647;
			files = (
			);
			runOnlyForDeploymentPostprocessing = 0;
		};
/* End PBXFrameworksBuildPhase section */

/* Begin PBXGroup section */
		720C9CC422C8500D0043121E /* isBalanced */ = {
			isa = PBXGroup;
			children = (
				720C9CC522C8500D0043121E /* main.cpp */,
			);
			path = isBalanced;
			sourceTree = "<group>";
		};
		720FE31A22D8C1D400D0E930 /* Traversal */ = {
			isa = PBXGroup;
			children = (
				720FE31B22D8C1D400D0E930 /* main.cpp */,
			);
			path = Traversal;
			sourceTree = "<group>";
		};
		720FE32522D8C31B00D0E930 /* maxSubArray */ = {
			isa = PBXGroup;
			children = (
				720FE32622D8C31B00D0E930 /* main.cpp */,
			);
			path = maxSubArray;
			sourceTree = "<group>";
		};
		72BD51D322D0360D0040632E /* addTwoNumbers */ = {
			isa = PBXGroup;
			children = (
				72BD51D422D0360D0040632E /* main.cpp */,
			);
			path = addTwoNumbers;
			sourceTree = "<group>";
		};
		72BD51DE22D03CF80040632E /* lengthOfLongestSubstring */ = {
			isa = PBXGroup;
			children = (
				72BD51DF22D03CF80040632E /* main.cpp */,
			);
			path = lengthOfLongestSubstring;
			sourceTree = "<group>";
		};
		72CCB3DE22C7056500DF1C59 /* lengthOfLastWord */ = {
			isa = PBXGroup;
			children = (
				72CCB3DF22C7056500DF1C59 /* main.cpp */,
			);
			path = lengthOfLastWord;
			sourceTree = "<group>";
		};
		72CCB3E922C7080A00DF1C59 /* plusOne */ = {
			isa = PBXGroup;
			children = (
				72CCB3EA22C7080A00DF1C59 /* main.cpp */,
			);
			path = plusOne;
			sourceTree = "<group>";
		};
		72CF1D4022C639C9000178AD /* MyQueue */ = {
			isa = PBXGroup;
			children = (
				72CF1D4122C639C9000178AD /* main.cpp */,
			);
			path = MyQueue;
			sourceTree = "<group>";
		};
		72CF1D4B22C63CD9000178AD /* deleteNode */ = {
			isa = PBXGroup;
			children = (
				72CF1D4C22C63CD9000178AD /* main.cpp */,
			);
			path = deleteNode;
			sourceTree = "<group>";
		};
		72CF1D5622C63E1A000178AD /* isUgly */ = {
			isa = PBXGroup;
			children = (
				72CF1D5722C63E1A000178AD /* main.cpp */,
			);
			path = isUgly;
			sourceTree = "<group>";
		};
		72CF1D6122C63F8E000178AD /* addDigits */ = {
			isa = PBXGroup;
			children = (
				72CF1D6222C63F8E000178AD /* main.cpp */,
			);
			path = addDigits;
			sourceTree = "<group>";
		};
		72CF1D6C22C640DC000178AD /* intersection */ = {
			isa = PBXGroup;
			children = (
				72CF1D6D22C640DC000178AD /* main.cpp */,
			);
			path = intersection;
			sourceTree = "<group>";
		};
		72CF1D7722C64985000178AD /* singleNumber */ = {
			isa = PBXGroup;
			children = (
				72CF1D7822C64985000178AD /* main.cpp */,
			);
			path = singleNumber;
			sourceTree = "<group>";
		};
		72D54EE222C5F92600BCB62A = {
			isa = PBXGroup;
			children = (
				72D54EED22C5F92600BCB62A /* cplusplus */,
				72D54EFA22C5FC5C00BCB62A /* twoSum */,
				72D54F0522C5FE7A00BCB62A /* reverse */,
				72D54F1022C5FF4600BCB62A /* isPalindrome */,
				72D54F1B22C6033E00BCB62A /* mergeTwoLists */,
				72CF1D4022C639C9000178AD /* MyQueue */,
				72CF1D4B22C63CD9000178AD /* deleteNode */,
				72CF1D5622C63E1A000178AD /* isUgly */,
				72CF1D6122C63F8E000178AD /* addDigits */,
				72CF1D6C22C640DC000178AD /* intersection */,
				72CF1D7722C64985000178AD /* singleNumber */,
				72CCB3DE22C7056500DF1C59 /* lengthOfLastWord */,
				72CCB3E922C7080A00DF1C59 /* plusOne */,
				720C9CC422C8500D0043121E /* isBalanced */,
				72E31DA622CF87C500CFB43F /* reverseList */,
				72BD51D322D0360D0040632E /* addTwoNumbers */,
				72BD51DE22D03CF80040632E /* lengthOfLongestSubstring */,
				720FE31A22D8C1D400D0E930 /* Traversal */,
				720FE32522D8C31B00D0E930 /* maxSubArray */,
				72D54EEC22C5F92600BCB62A /* Products */,
			);
			sourceTree = "<group>";
		};
		72D54EEC22C5F92600BCB62A /* Products */ = {
			isa = PBXGroup;
			children = (
				72D54EEB22C5F92600BCB62A /* cplusplus */,
				72D54EF922C5FC5C00BCB62A /* twoSum */,
				72D54F0422C5FE7A00BCB62A /* reverse */,
				72D54F0F22C5FF4600BCB62A /* isPalindrome */,
				72D54F1A22C6033E00BCB62A /* mergeTwoLists */,
				72CF1D3F22C639C9000178AD /* MyQueue */,
				72CF1D4A22C63CD9000178AD /* deleteNode */,
				72CF1D5522C63E1A000178AD /* isUgly */,
				72CF1D6022C63F8E000178AD /* addDigits */,
				72CF1D6B22C640DC000178AD /* intersection */,
				72CF1D7622C64985000178AD /* singleNumber */,
				72CCB3DD22C7056500DF1C59 /* lengthOfLastWord */,
				72CCB3E822C7080A00DF1C59 /* plusOne */,
				720C9CC322C8500D0043121E /* isBalanced */,
				72E31DA522CF87C500CFB43F /* reverseList */,
				72BD51D222D0360D0040632E /* addTwoNumbers */,
				72BD51DD22D03CF70040632E /* lengthOfLongestSubstring */,
				720FE31922D8C1D400D0E930 /* Traversal */,
				720FE32422D8C31B00D0E930 /* maxSubArray */,
			);
			name = Products;
			sourceTree = "<group>";
		};
		72D54EED22C5F92600BCB62A /* cplusplus */ = {
			isa = PBXGroup;
			children = (
				72D54EEE22C5F92600BCB62A /* main.cpp */,
			);
			path = cplusplus;
			sourceTree = "<group>";
		};
		72D54EFA22C5FC5C00BCB62A /* twoSum */ = {
			isa = PBXGroup;
			children = (
				72D54EFB22C5FC5C00BCB62A /* main.cpp */,
			);
			path = twoSum;
			sourceTree = "<group>";
		};
		72D54F0522C5FE7A00BCB62A /* reverse */ = {
			isa = PBXGroup;
			children = (
				72D54F0622C5FE7A00BCB62A /* main.cpp */,
			);
			path = reverse;
			sourceTree = "<group>";
		};
		72D54F1022C5FF4600BCB62A /* isPalindrome */ = {
			isa = PBXGroup;
			children = (
				72D54F1122C5FF4600BCB62A /* main.cpp */,
			);
			path = isPalindrome;
			sourceTree = "<group>";
		};
		72D54F1B22C6033E00BCB62A /* mergeTwoLists */ = {
			isa = PBXGroup;
			children = (
				72D54F1C22C6033E00BCB62A /* main.cpp */,
			);
			path = mergeTwoLists;
			sourceTree = "<group>";
		};
		72E31DA622CF87C500CFB43F /* reverseList */ = {
			isa = PBXGroup;
			children = (
				72E31DA722CF87C500CFB43F /* main.cpp */,
			);
			path = reverseList;
			sourceTree = "<group>";
		};
/* End PBXGroup section */

/* Begin PBXNativeTarget section */
		720C9CC222C8500D0043121E /* isBalanced */ = {
			isa = PBXNativeTarget;
			buildConfigurationList = 720C9CC922C8500D0043121E /* Build configuration list for PBXNativeTarget "isBalanced" */;
			buildPhases = (
				720C9CBF22C8500D0043121E /* Sources */,
				720C9CC022C8500D0043121E /* Frameworks */,
				720C9CC122C8500D0043121E /* CopyFiles */,
			);
			buildRules = (
			);
			dependencies = (
			);
			name = isBalanced;
			productName = isBalanced;
			productReference = 720C9CC322C8500D0043121E /* isBalanced */;
			productType = "com.apple.product-type.tool";
		};
		720FE31822D8C1D400D0E930 /* Traversal */ = {
			isa = PBXNativeTarget;
			buildConfigurationList = 720FE31F22D8C1D400D0E930 /* Build configuration list for PBXNativeTarget "Traversal" */;
			buildPhases = (
				720FE31522D8C1D400D0E930 /* Sources */,
				720FE31622D8C1D400D0E930 /* Frameworks */,
				720FE31722D8C1D400D0E930 /* CopyFiles */,
			);
			buildRules = (
			);
			dependencies = (
			);
			name = Traversal;
			productName = Traversal;
			productReference = 720FE31922D8C1D400D0E930 /* Traversal */;
			productType = "com.apple.product-type.tool";
		};
		720FE32322D8C31B00D0E930 /* maxSubArray */ = {
			isa = PBXNativeTarget;
			buildConfigurationList = 720FE32822D8C31B00D0E930 /* Build configuration list for PBXNativeTarget "maxSubArray" */;
			buildPhases = (
				720FE32022D8C31B00D0E930 /* Sources */,
				720FE32122D8C31B00D0E930 /* Frameworks */,
				720FE32222D8C31B00D0E930 /* CopyFiles */,
			);
			buildRules = (
			);
			dependencies = (
			);
			name = maxSubArray;
			productName = maxSubArray;
			productReference = 720FE32422D8C31B00D0E930 /* maxSubArray */;
			productType = "com.apple.product-type.tool";
		};
		72BD51D122D0360D0040632E /* addTwoNumbers */ = {
			isa = PBXNativeTarget;
			buildConfigurationList = 72BD51D822D0360D0040632E /* Build configuration list for PBXNativeTarget "addTwoNumbers" */;
			buildPhases = (
				72BD51CE22D0360D0040632E /* Sources */,
				72BD51CF22D0360D0040632E /* Frameworks */,
				72BD51D022D0360D0040632E /* CopyFiles */,
			);
			buildRules = (
			);
			dependencies = (
			);
			name = addTwoNumbers;
			productName = addTwoNumbers;
			productReference = 72BD51D222D0360D0040632E /* addTwoNumbers */;
			productType = "com.apple.product-type.tool";
		};
		72BD51DC22D03CF70040632E /* lengthOfLongestSubstring */ = {
			isa = PBXNativeTarget;
			buildConfigurationList = 72BD51E122D03CF80040632E /* Build configuration list for PBXNativeTarget "lengthOfLongestSubstring" */;
			buildPhases = (
				72BD51D922D03CF70040632E /* Sources */,
				72BD51DA22D03CF70040632E /* Frameworks */,
				72BD51DB22D03CF70040632E /* CopyFiles */,
			);
			buildRules = (
			);
			dependencies = (
			);
			name = lengthOfLongestSubstring;
			productName = lengthOfLongestSubstring;
			productReference = 72BD51DD22D03CF70040632E /* lengthOfLongestSubstring */;
			productType = "com.apple.product-type.tool";
		};
		72CCB3DC22C7056500DF1C59 /* lengthOfLastWord */ = {
			isa = PBXNativeTarget;
			buildConfigurationList = 72CCB3E322C7056500DF1C59 /* Build configuration list for PBXNativeTarget "lengthOfLastWord" */;
			buildPhases = (
				72CCB3D922C7056500DF1C59 /* Sources */,
				72CCB3DA22C7056500DF1C59 /* Frameworks */,
				72CCB3DB22C7056500DF1C59 /* CopyFiles */,
			);
			buildRules = (
			);
			dependencies = (
			);
			name = lengthOfLastWord;
			productName = lengthOfLastWord;
			productReference = 72CCB3DD22C7056500DF1C59 /* lengthOfLastWord */;
			productType = "com.apple.product-type.tool";
		};
		72CCB3E722C7080A00DF1C59 /* plusOne */ = {
			isa = PBXNativeTarget;
			buildConfigurationList = 72CCB3EC22C7080A00DF1C59 /* Build configuration list for PBXNativeTarget "plusOne" */;
			buildPhases = (
				72CCB3E422C7080A00DF1C59 /* Sources */,
				72CCB3E522C7080A00DF1C59 /* Frameworks */,
				72CCB3E622C7080A00DF1C59 /* CopyFiles */,
			);
			buildRules = (
			);
			dependencies = (
			);
			name = plusOne;
			productName = plusOne;
			productReference = 72CCB3E822C7080A00DF1C59 /* plusOne */;
			productType = "com.apple.product-type.tool";
		};
		72CF1D3E22C639C9000178AD /* MyQueue */ = {
			isa = PBXNativeTarget;
			buildConfigurationList = 72CF1D4522C639C9000178AD /* Build configuration list for PBXNativeTarget "MyQueue" */;
			buildPhases = (
				72CF1D3B22C639C9000178AD /* Sources */,
				72CF1D3C22C639C9000178AD /* Frameworks */,
				72CF1D3D22C639C9000178AD /* CopyFiles */,
			);
			buildRules = (
			);
			dependencies = (
			);
			name = MyQueue;
			productName = MyQueue;
			productReference = 72CF1D3F22C639C9000178AD /* MyQueue */;
			productType = "com.apple.product-type.tool";
		};
		72CF1D4922C63CD9000178AD /* deleteNode */ = {
			isa = PBXNativeTarget;
			buildConfigurationList = 72CF1D5022C63CD9000178AD /* Build configuration list for PBXNativeTarget "deleteNode" */;
			buildPhases = (
				72CF1D4622C63CD9000178AD /* Sources */,
				72CF1D4722C63CD9000178AD /* Frameworks */,
				72CF1D4822C63CD9000178AD /* CopyFiles */,
			);
			buildRules = (
			);
			dependencies = (
			);
			name = deleteNode;
			productName = deleteNode;
			productReference = 72CF1D4A22C63CD9000178AD /* deleteNode */;
			productType = "com.apple.product-type.tool";
		};
		72CF1D5422C63E1A000178AD /* isUgly */ = {
			isa = PBXNativeTarget;
			buildConfigurationList = 72CF1D5922C63E1A000178AD /* Build configuration list for PBXNativeTarget "isUgly" */;
			buildPhases = (
				72CF1D5122C63E1A000178AD /* Sources */,
				72CF1D5222C63E1A000178AD /* Frameworks */,
				72CF1D5322C63E1A000178AD /* CopyFiles */,
			);
			buildRules = (
			);
			dependencies = (
			);
			name = isUgly;
			productName = isUgly;
			productReference = 72CF1D5522C63E1A000178AD /* isUgly */;
			productType = "com.apple.product-type.tool";
		};
		72CF1D5F22C63F8E000178AD /* addDigits */ = {
			isa = PBXNativeTarget;
			buildConfigurationList = 72CF1D6422C63F8E000178AD /* Build configuration list for PBXNativeTarget "addDigits" */;
			buildPhases = (
				72CF1D5C22C63F8E000178AD /* Sources */,
				72CF1D5D22C63F8E000178AD /* Frameworks */,
				72CF1D5E22C63F8E000178AD /* CopyFiles */,
			);
			buildRules = (
			);
			dependencies = (
			);
			name = addDigits;
			productName = addDigits;
			productReference = 72CF1D6022C63F8E000178AD /* addDigits */;
			productType = "com.apple.product-type.tool";
		};
		72CF1D6A22C640DC000178AD /* intersection */ = {
			isa = PBXNativeTarget;
			buildConfigurationList = 72CF1D6F22C640DC000178AD /* Build configuration list for PBXNativeTarget "intersection" */;
			buildPhases = (
				72CF1D6722C640DC000178AD /* Sources */,
				72CF1D6822C640DC000178AD /* Frameworks */,
				72CF1D6922C640DC000178AD /* CopyFiles */,
			);
			buildRules = (
			);
			dependencies = (
			);
			name = intersection;
			productName = intersection;
			productReference = 72CF1D6B22C640DC000178AD /* intersection */;
			productType = "com.apple.product-type.tool";
		};
		72CF1D7522C64985000178AD /* singleNumber */ = {
			isa = PBXNativeTarget;
			buildConfigurationList = 72CF1D7A22C64985000178AD /* Build configuration list for PBXNativeTarget "singleNumber" */;
			buildPhases = (
				72CF1D7222C64985000178AD /* Sources */,
				72CF1D7322C64985000178AD /* Frameworks */,
				72CF1D7422C64985000178AD /* CopyFiles */,
			);
			buildRules = (
			);
			dependencies = (
			);
			name = singleNumber;
			productName = singleNumber;
			productReference = 72CF1D7622C64985000178AD /* singleNumber */;
			productType = "com.apple.product-type.tool";
		};
		72D54EEA22C5F92600BCB62A /* cplusplus */ = {
			isa = PBXNativeTarget;
			buildConfigurationList = 72D54EF222C5F92600BCB62A /* Build configuration list for PBXNativeTarget "cplusplus" */;
			buildPhases = (
				72D54EE722C5F92600BCB62A /* Sources */,
				72D54EE822C5F92600BCB62A /* Frameworks */,
				72D54EE922C5F92600BCB62A /* CopyFiles */,
			);
			buildRules = (
			);
			dependencies = (
			);
			name = cplusplus;
			productName = cplusplus;
			productReference = 72D54EEB22C5F92600BCB62A /* cplusplus */;
			productType = "com.apple.product-type.tool";
		};
		72D54EF822C5FC5C00BCB62A /* twoSum */ = {
			isa = PBXNativeTarget;
			buildConfigurationList = 72D54EFD22C5FC5C00BCB62A /* Build configuration list for PBXNativeTarget "twoSum" */;
			buildPhases = (
				72D54EF522C5FC5C00BCB62A /* Sources */,
				72D54EF622C5FC5C00BCB62A /* Frameworks */,
				72D54EF722C5FC5C00BCB62A /* CopyFiles */,
			);
			buildRules = (
			);
			dependencies = (
			);
			name = twoSum;
			productName = twoSum;
			productReference = 72D54EF922C5FC5C00BCB62A /* twoSum */;
			productType = "com.apple.product-type.tool";
		};
		72D54F0322C5FE7A00BCB62A /* reverse */ = {
			isa = PBXNativeTarget;
			buildConfigurationList = 72D54F0822C5FE7A00BCB62A /* Build configuration list for PBXNativeTarget "reverse" */;
			buildPhases = (
				72D54F0022C5FE7A00BCB62A /* Sources */,
				72D54F0122C5FE7A00BCB62A /* Frameworks */,
				72D54F0222C5FE7A00BCB62A /* CopyFiles */,
			);
			buildRules = (
			);
			dependencies = (
			);
			name = reverse;
			productName = reverse;
			productReference = 72D54F0422C5FE7A00BCB62A /* reverse */;
			productType = "com.apple.product-type.tool";
		};
		72D54F0E22C5FF4600BCB62A /* isPalindrome */ = {
			isa = PBXNativeTarget;
			buildConfigurationList = 72D54F1322C5FF4600BCB62A /* Build configuration list for PBXNativeTarget "isPalindrome" */;
			buildPhases = (
				72D54F0B22C5FF4600BCB62A /* Sources */,
				72D54F0C22C5FF4600BCB62A /* Frameworks */,
				72D54F0D22C5FF4600BCB62A /* CopyFiles */,
			);
			buildRules = (
			);
			dependencies = (
			);
			name = isPalindrome;
			productName = isPalindrome;
			productReference = 72D54F0F22C5FF4600BCB62A /* isPalindrome */;
			productType = "com.apple.product-type.tool";
		};
		72D54F1922C6033E00BCB62A /* mergeTwoLists */ = {
			isa = PBXNativeTarget;
			buildConfigurationList = 72D54F1E22C6033E00BCB62A /* Build configuration list for PBXNativeTarget "mergeTwoLists" */;
			buildPhases = (
				72D54F1622C6033E00BCB62A /* Sources */,
				72D54F1722C6033E00BCB62A /* Frameworks */,
				72D54F1822C6033E00BCB62A /* CopyFiles */,
			);
			buildRules = (
			);
			dependencies = (
			);
			name = mergeTwoLists;
			productName = mergeTwoLists;
			productReference = 72D54F1A22C6033E00BCB62A /* mergeTwoLists */;
			productType = "com.apple.product-type.tool";
		};
		72E31DA422CF87C500CFB43F /* reverseList */ = {
			isa = PBXNativeTarget;
			buildConfigurationList = 72E31DAB22CF87C500CFB43F /* Build configuration list for PBXNativeTarget "reverseList" */;
			buildPhases = (
				72E31DA122CF87C500CFB43F /* Sources */,
				72E31DA222CF87C500CFB43F /* Frameworks */,
				72E31DA322CF87C500CFB43F /* CopyFiles */,
			);
			buildRules = (
			);
			dependencies = (
			);
			name = reverseList;
			productName = reverseList;
			productReference = 72E31DA522CF87C500CFB43F /* reverseList */;
			productType = "com.apple.product-type.tool";
		};
/* End PBXNativeTarget section */

/* Begin PBXProject section */
		72D54EE322C5F92600BCB62A /* Project object */ = {
			isa = PBXProject;
			attributes = {
				LastUpgradeCheck = 1020;
				ORGANIZATIONNAME = "王子昱";
				TargetAttributes = {
					720C9CC222C8500D0043121E = {
						CreatedOnToolsVersion = 10.2.1;
					};
					720FE31822D8C1D400D0E930 = {
						CreatedOnToolsVersion = 10.2.1;
					};
					720FE32322D8C31B00D0E930 = {
						CreatedOnToolsVersion = 10.2.1;
					};
					72BD51D122D0360D0040632E = {
						CreatedOnToolsVersion = 10.2.1;
					};
					72BD51DC22D03CF70040632E = {
						CreatedOnToolsVersion = 10.2.1;
					};
					72CCB3DC22C7056500DF1C59 = {
						CreatedOnToolsVersion = 10.2.1;
					};
					72CCB3E722C7080A00DF1C59 = {
						CreatedOnToolsVersion = 10.2.1;
					};
					72CF1D3E22C639C9000178AD = {
						CreatedOnToolsVersion = 10.2.1;
					};
					72CF1D4922C63CD9000178AD = {
						CreatedOnToolsVersion = 10.2.1;
					};
					72CF1D5422C63E1A000178AD = {
						CreatedOnToolsVersion = 10.2.1;
					};
					72CF1D5F22C63F8E000178AD = {
						CreatedOnToolsVersion = 10.2.1;
					};
					72CF1D6A22C640DC000178AD = {
						CreatedOnToolsVersion = 10.2.1;
					};
					72CF1D7522C64985000178AD = {
						CreatedOnToolsVersion = 10.2.1;
					};
					72D54EEA22C5F92600BCB62A = {
						CreatedOnToolsVersion = 10.2.1;
					};
					72D54EF822C5FC5C00BCB62A = {
						CreatedOnToolsVersion = 10.2.1;
					};
					72D54F0322C5FE7A00BCB62A = {
						CreatedOnToolsVersion = 10.2.1;
					};
					72D54F0E22C5FF4600BCB62A = {
						CreatedOnToolsVersion = 10.2.1;
					};
					72D54F1922C6033E00BCB62A = {
						CreatedOnToolsVersion = 10.2.1;
					};
					72E31DA422CF87C500CFB43F = {
						CreatedOnToolsVersion = 10.2.1;
					};
				};
			};
			buildConfigurationList = 72D54EE622C5F92600BCB62A /* Build configuration list for PBXProject "cplusplus" */;
			compatibilityVersion = "Xcode 9.3";
			developmentRegion = en;
			hasScannedForEncodings = 0;
			knownRegions = (
				en,
			);
			mainGroup = 72D54EE222C5F92600BCB62A;
			productRefGroup = 72D54EEC22C5F92600BCB62A /* Products */;
			projectDirPath = "";
			projectRoot = "";
			targets = (
				72D54EEA22C5F92600BCB62A /* cplusplus */,
				72D54EF822C5FC5C00BCB62A /* twoSum */,
				72D54F0322C5FE7A00BCB62A /* reverse */,
				72D54F0E22C5FF4600BCB62A /* isPalindrome */,
				72D54F1922C6033E00BCB62A /* mergeTwoLists */,
				72CF1D3E22C639C9000178AD /* MyQueue */,
				72CF1D4922C63CD9000178AD /* deleteNode */,
				72CF1D5422C63E1A000178AD /* isUgly */,
				72CF1D5F22C63F8E000178AD /* addDigits */,
				72CF1D6A22C640DC000178AD /* intersection */,
				72CF1D7522C64985000178AD /* singleNumber */,
				72CCB3DC22C7056500DF1C59 /* lengthOfLastWord */,
				72CCB3E722C7080A00DF1C59 /* plusOne */,
				720C9CC222C8500D0043121E /* isBalanced */,
				72E31DA422CF87C500CFB43F /* reverseList */,
				72BD51D122D0360D0040632E /* addTwoNumbers */,
				72BD51DC22D03CF70040632E /* lengthOfLongestSubstring */,
				720FE31822D8C1D400D0E930 /* Traversal */,
				720FE32322D8C31B00D0E930 /* maxSubArray */,
			);
		};
/* End PBXProject section */

/* Begin PBXSourcesBuildPhase section */
		720C9CBF22C8500D0043121E /* Sources */ = {
			isa = PBXSourcesBuildPhase;
			buildActionMask = 2147483647;
			files = (
				720C9CC622C8500D0043121E /* main.cpp in Sources */,
			);
			runOnlyForDeploymentPostprocessing = 0;
		};
		720FE31522D8C1D400D0E930 /* Sources */ = {
			isa = PBXSourcesBuildPhase;
			buildActionMask = 2147483647;
			files = (
				720FE31C22D8C1D400D0E930 /* main.cpp in Sources */,
			);
			runOnlyForDeploymentPostprocessing = 0;
		};
		720FE32022D8C31B00D0E930 /* Sources */ = {
			isa = PBXSourcesBuildPhase;
			buildActionMask = 2147483647;
			files = (
				720FE32722D8C31B00D0E930 /* main.cpp in Sources */,
			);
			runOnlyForDeploymentPostprocessing = 0;
		};
		72BD51CE22D0360D0040632E /* Sources */ = {
			isa = PBXSourcesBuildPhase;
			buildActionMask = 2147483647;
			files = (
				72BD51D522D0360D0040632E /* main.cpp in Sources */,
			);
			runOnlyForDeploymentPostprocessing = 0;
		};
		72BD51D922D03CF70040632E /* Sources */ = {
			isa = PBXSourcesBuildPhase;
			buildActionMask = 2147483647;
			files = (
				72BD51E022D03CF80040632E /* main.cpp in Sources */,
			);
			runOnlyForDeploymentPostprocessing = 0;
		};
		72CCB3D922C7056500DF1C59 /* Sources */ = {
			isa = PBXSourcesBuildPhase;
			buildActionMask = 2147483647;
			files = (
				72CCB3E022C7056500DF1C59 /* main.cpp in Sources */,
			);
			runOnlyForDeploymentPostprocessing = 0;
		};
		72CCB3E422C7080A00DF1C59 /* Sources */ = {
			isa = PBXSourcesBuildPhase;
			buildActionMask = 2147483647;
			files = (
				72CCB3EB22C7080A00DF1C59 /* main.cpp in Sources */,
			);
			runOnlyForDeploymentPostprocessing = 0;
		};
		72CF1D3B22C639C9000178AD /* Sources */ = {
			isa = PBXSourcesBuildPhase;
			buildActionMask = 2147483647;
			files = (
				72CF1D4222C639C9000178AD /* main.cpp in Sources */,
			);
			runOnlyForDeploymentPostprocessing = 0;
		};
		72CF1D4622C63CD9000178AD /* Sources */ = {
			isa = PBXSourcesBuildPhase;
			buildActionMask = 2147483647;
			files = (
				72CF1D4D22C63CD9000178AD /* main.cpp in Sources */,
			);
			runOnlyForDeploymentPostprocessing = 0;
		};
		72CF1D5122C63E1A000178AD /* Sources */ = {
			isa = PBXSourcesBuildPhase;
			buildActionMask = 2147483647;
			files = (
				72CF1D5822C63E1A000178AD /* main.cpp in Sources */,
			);
			runOnlyForDeploymentPostprocessing = 0;
		};
		72CF1D5C22C63F8E000178AD /* Sources */ = {
			isa = PBXSourcesBuildPhase;
			buildActionMask = 2147483647;
			files = (
				72CF1D6322C63F8E000178AD /* main.cpp in Sources */,
			);
			runOnlyForDeploymentPostprocessing = 0;
		};
		72CF1D6722C640DC000178AD /* Sources */ = {
			isa = PBXSourcesBuildPhase;
			buildActionMask = 2147483647;
			files = (
				72CF1D6E22C640DC000178AD /* main.cpp in Sources */,
			);
			runOnlyForDeploymentPostprocessing = 0;
		};
		72CF1D7222C64985000178AD /* Sources */ = {
			isa = PBXSourcesBuildPhase;
			buildActionMask = 2147483647;
			files = (
				72CF1D7922C64985000178AD /* main.cpp in Sources */,
			);
			runOnlyForDeploymentPostprocessing = 0;
		};
		72D54EE722C5F92600BCB62A /* Sources */ = {
			isa = PBXSourcesBuildPhase;
			buildActionMask = 2147483647;
			files = (
				72D54EEF22C5F92600BCB62A /* main.cpp in Sources */,
			);
			runOnlyForDeploymentPostprocessing = 0;
		};
		72D54EF522C5FC5C00BCB62A /* Sources */ = {
			isa = PBXSourcesBuildPhase;
			buildActionMask = 2147483647;
			files = (
				72D54EFC22C5FC5C00BCB62A /* main.cpp in Sources */,
			);
			runOnlyForDeploymentPostprocessing = 0;
		};
		72D54F0022C5FE7A00BCB62A /* Sources */ = {
			isa = PBXSourcesBuildPhase;
			buildActionMask = 2147483647;
			files = (
				72D54F0722C5FE7A00BCB62A /* main.cpp in Sources */,
			);
			runOnlyForDeploymentPostprocessing = 0;
		};
		72D54F0B22C5FF4600BCB62A /* Sources */ = {
			isa = PBXSourcesBuildPhase;
			buildActionMask = 2147483647;
			files = (
				72D54F1222C5FF4600BCB62A /* main.cpp in Sources */,
			);
			runOnlyForDeploymentPostprocessing = 0;
		};
		72D54F1622C6033E00BCB62A /* Sources */ = {
			isa = PBXSourcesBuildPhase;
			buildActionMask = 2147483647;
			files = (
				72D54F1D22C6033E00BCB62A /* main.cpp in Sources */,
			);
			runOnlyForDeploymentPostprocessing = 0;
		};
		72E31DA122CF87C500CFB43F /* Sources */ = {
			isa = PBXSourcesBuildPhase;
			buildActionMask = 2147483647;
			files = (
				72E31DA822CF87C500CFB43F /* main.cpp in Sources */,
			);
			runOnlyForDeploymentPostprocessing = 0;
		};
/* End PBXSourcesBuildPhase section */

/* Begin XCBuildConfiguration section */
		720C9CC722C8500D0043121E /* Debug */ = {
			isa = XCBuildConfiguration;
			buildSettings = {
				CODE_SIGN_STYLE = Automatic;
				DEVELOPMENT_TEAM = D24ZF2P2US;
				PRODUCT_NAME = "$(TARGET_NAME)";
			};
			name = Debug;
		};
		720C9CC822C8500D0043121E /* Release */ = {
			isa = XCBuildConfiguration;
			buildSettings = {
				CODE_SIGN_STYLE = Automatic;
				DEVELOPMENT_TEAM = D24ZF2P2US;
				PRODUCT_NAME = "$(TARGET_NAME)";
			};
			name = Release;
		};
		720FE31D22D8C1D400D0E930 /* Debug */ = {
			isa = XCBuildConfiguration;
			buildSettings = {
				CODE_SIGN_STYLE = Automatic;
				DEVELOPMENT_TEAM = D24ZF2P2US;
				PRODUCT_NAME = "$(TARGET_NAME)";
			};
			name = Debug;
		};
		720FE31E22D8C1D400D0E930 /* Release */ = {
			isa = XCBuildConfiguration;
			buildSettings = {
				CODE_SIGN_STYLE = Automatic;
				DEVELOPMENT_TEAM = D24ZF2P2US;
				PRODUCT_NAME = "$(TARGET_NAME)";
			};
			name = Release;
		};
		720FE32922D8C31B00D0E930 /* Debug */ = {
			isa = XCBuildConfiguration;
			buildSettings = {
				CODE_SIGN_STYLE = Automatic;
				DEVELOPMENT_TEAM = D24ZF2P2US;
				PRODUCT_NAME = "$(TARGET_NAME)";
			};
			name = Debug;
		};
		720FE32A22D8C31B00D0E930 /* Release */ = {
			isa = XCBuildConfiguration;
			buildSettings = {
				CODE_SIGN_STYLE = Automatic;
				DEVELOPMENT_TEAM = D24ZF2P2US;
				PRODUCT_NAME = "$(TARGET_NAME)";
			};
			name = Release;
		};
		72BD51D622D0360D0040632E /* Debug */ = {
			isa = XCBuildConfiguration;
			buildSettings = {
				CODE_SIGN_STYLE = Automatic;
				DEVELOPMENT_TEAM = D24ZF2P2US;
				PRODUCT_NAME = "$(TARGET_NAME)";
			};
			name = Debug;
		};
		72BD51D722D0360D0040632E /* Release */ = {
			isa = XCBuildConfiguration;
			buildSettings = {
				CODE_SIGN_STYLE = Automatic;
				DEVELOPMENT_TEAM = D24ZF2P2US;
				PRODUCT_NAME = "$(TARGET_NAME)";
			};
			name = Release;
		};
		72BD51E222D03CF80040632E /* Debug */ = {
			isa = XCBuildConfiguration;
			buildSettings = {
				CODE_SIGN_STYLE = Automatic;
				DEVELOPMENT_TEAM = D24ZF2P2US;
				PRODUCT_NAME = "$(TARGET_NAME)";
			};
			name = Debug;
		};
		72BD51E322D03CF80040632E /* Release */ = {
			isa = XCBuildConfiguration;
			buildSettings = {
				CODE_SIGN_STYLE = Automatic;
				DEVELOPMENT_TEAM = D24ZF2P2US;
				PRODUCT_NAME = "$(TARGET_NAME)";
			};
			name = Release;
		};
		72CCB3E122C7056500DF1C59 /* Debug */ = {
			isa = XCBuildConfiguration;
			buildSettings = {
				CODE_SIGN_STYLE = Automatic;
				DEVELOPMENT_TEAM = D24ZF2P2US;
				PRODUCT_NAME = "$(TARGET_NAME)";
			};
			name = Debug;
		};
		72CCB3E222C7056500DF1C59 /* Release */ = {
			isa = XCBuildConfiguration;
			buildSettings = {
				CODE_SIGN_STYLE = Automatic;
				DEVELOPMENT_TEAM = D24ZF2P2US;
				PRODUCT_NAME = "$(TARGET_NAME)";
			};
			name = Release;
		};
		72CCB3ED22C7080A00DF1C59 /* Debug */ = {
			isa = XCBuildConfiguration;
			buildSettings = {
				CODE_SIGN_STYLE = Automatic;
				DEVELOPMENT_TEAM = D24ZF2P2US;
				PRODUCT_NAME = "$(TARGET_NAME)";
			};
			name = Debug;
		};
		72CCB3EE22C7080A00DF1C59 /* Release */ = {
			isa = XCBuildConfiguration;
			buildSettings = {
				CODE_SIGN_STYLE = Automatic;
				DEVELOPMENT_TEAM = D24ZF2P2US;
				PRODUCT_NAME = "$(TARGET_NAME)";
			};
			name = Release;
		};
		72CF1D4322C639C9000178AD /* Debug */ = {
			isa = XCBuildConfiguration;
			buildSettings = {
				CODE_SIGN_STYLE = Automatic;
				DEVELOPMENT_TEAM = D24ZF2P2US;
				PRODUCT_NAME = "$(TARGET_NAME)";
			};
			name = Debug;
		};
		72CF1D4422C639C9000178AD /* Release */ = {
			isa = XCBuildConfiguration;
			buildSettings = {
				CODE_SIGN_STYLE = Automatic;
				DEVELOPMENT_TEAM = D24ZF2P2US;
				PRODUCT_NAME = "$(TARGET_NAME)";
			};
			name = Release;
		};
		72CF1D4E22C63CD9000178AD /* Debug */ = {
			isa = XCBuildConfiguration;
			buildSettings = {
				CODE_SIGN_STYLE = Automatic;
				DEVELOPMENT_TEAM = D24ZF2P2US;
				PRODUCT_NAME = "$(TARGET_NAME)";
			};
			name = Debug;
		};
		72CF1D4F22C63CD9000178AD /* Release */ = {
			isa = XCBuildConfiguration;
			buildSettings = {
				CODE_SIGN_STYLE = Automatic;
				DEVELOPMENT_TEAM = D24ZF2P2US;
				PRODUCT_NAME = "$(TARGET_NAME)";
			};
			name = Release;
		};
		72CF1D5A22C63E1A000178AD /* Debug */ = {
			isa = XCBuildConfiguration;
			buildSettings = {
				CODE_SIGN_STYLE = Automatic;
				DEVELOPMENT_TEAM = D24ZF2P2US;
				PRODUCT_NAME = "$(TARGET_NAME)";
			};
			name = Debug;
		};
		72CF1D5B22C63E1A000178AD /* Release */ = {
			isa = XCBuildConfiguration;
			buildSettings = {
				CODE_SIGN_STYLE = Automatic;
				DEVELOPMENT_TEAM = D24ZF2P2US;
				PRODUCT_NAME = "$(TARGET_NAME)";
			};
			name = Release;
		};
		72CF1D6522C63F8E000178AD /* Debug */ = {
			isa = XCBuildConfiguration;
			buildSettings = {
				CODE_SIGN_STYLE = Automatic;
				DEVELOPMENT_TEAM = D24ZF2P2US;
				PRODUCT_NAME = "$(TARGET_NAME)";
			};
			name = Debug;
		};
		72CF1D6622C63F8E000178AD /* Release */ = {
			isa = XCBuildConfiguration;
			buildSettings = {
				CODE_SIGN_STYLE = Automatic;
				DEVELOPMENT_TEAM = D24ZF2P2US;
				PRODUCT_NAME = "$(TARGET_NAME)";
			};
			name = Release;
		};
		72CF1D7022C640DC000178AD /* Debug */ = {
			isa = XCBuildConfiguration;
			buildSettings = {
				CODE_SIGN_STYLE = Automatic;
				DEVELOPMENT_TEAM = D24ZF2P2US;
				PRODUCT_NAME = "$(TARGET_NAME)";
			};
			name = Debug;
		};
		72CF1D7122C640DC000178AD /* Release */ = {
			isa = XCBuildConfiguration;
			buildSettings = {
				CODE_SIGN_STYLE = Automatic;
				DEVELOPMENT_TEAM = D24ZF2P2US;
				PRODUCT_NAME = "$(TARGET_NAME)";
			};
			name = Release;
		};
		72CF1D7B22C64985000178AD /* Debug */ = {
			isa = XCBuildConfiguration;
			buildSettings = {
				CODE_SIGN_STYLE = Automatic;
				DEVELOPMENT_TEAM = D24ZF2P2US;
				PRODUCT_NAME = "$(TARGET_NAME)";
			};
			name = Debug;
		};
		72CF1D7C22C64985000178AD /* Release */ = {
			isa = XCBuildConfiguration;
			buildSettings = {
				CODE_SIGN_STYLE = Automatic;
				DEVELOPMENT_TEAM = D24ZF2P2US;
				PRODUCT_NAME = "$(TARGET_NAME)";
			};
			name = Release;
		};
		72D54EF022C5F92600BCB62A /* Debug */ = {
			isa = XCBuildConfiguration;
			buildSettings = {
				ALWAYS_SEARCH_USER_PATHS = NO;
				CLANG_ANALYZER_NONNULL = YES;
				CLANG_ANALYZER_NUMBER_OBJECT_CONVERSION = YES_AGGRESSIVE;
				CLANG_CXX_LANGUAGE_STANDARD = "gnu++14";
				CLANG_CXX_LIBRARY = "libc++";
				CLANG_ENABLE_MODULES = YES;
				CLANG_ENABLE_OBJC_ARC = YES;
				CLANG_ENABLE_OBJC_WEAK = YES;
				CLANG_WARN_BLOCK_CAPTURE_AUTORELEASING = YES;
				CLANG_WARN_BOOL_CONVERSION = YES;
				CLANG_WARN_COMMA = YES;
				CLANG_WARN_CONSTANT_CONVERSION = YES;
				CLANG_WARN_DEPRECATED_OBJC_IMPLEMENTATIONS = YES;
				CLANG_WARN_DIRECT_OBJC_ISA_USAGE = YES_ERROR;
				CLANG_WARN_DOCUMENTATION_COMMENTS = YES;
				CLANG_WARN_EMPTY_BODY = YES;
				CLANG_WARN_ENUM_CONVERSION = YES;
				CLANG_WARN_INFINITE_RECURSION = YES;
				CLANG_WARN_INT_CONVERSION = YES;
				CLANG_WARN_NON_LITERAL_NULL_CONVERSION = YES;
				CLANG_WARN_OBJC_IMPLICIT_RETAIN_SELF = YES;
				CLANG_WARN_OBJC_LITERAL_CONVERSION = YES;
				CLANG_WARN_OBJC_ROOT_CLASS = YES_ERROR;
				CLANG_WARN_RANGE_LOOP_ANALYSIS = YES;
				CLANG_WARN_STRICT_PROTOTYPES = YES;
				CLANG_WARN_SUSPICIOUS_MOVE = YES;
				CLANG_WARN_UNGUARDED_AVAILABILITY = YES_AGGRESSIVE;
				CLANG_WARN_UNREACHABLE_CODE = YES;
				CLANG_WARN__DUPLICATE_METHOD_MATCH = YES;
				CODE_SIGN_IDENTITY = "Mac Developer";
				COPY_PHASE_STRIP = NO;
				DEBUG_INFORMATION_FORMAT = dwarf;
				ENABLE_STRICT_OBJC_MSGSEND = YES;
				ENABLE_TESTABILITY = YES;
				GCC_C_LANGUAGE_STANDARD = gnu11;
				GCC_DYNAMIC_NO_PIC = NO;
				GCC_NO_COMMON_BLOCKS = YES;
				GCC_OPTIMIZATION_LEVEL = 0;
				GCC_PREPROCESSOR_DEFINITIONS = (
					"DEBUG=1",
					"$(inherited)",
				);
				GCC_WARN_64_TO_32_BIT_CONVERSION = YES;
				GCC_WARN_ABOUT_RETURN_TYPE = YES_ERROR;
				GCC_WARN_UNDECLARED_SELECTOR = YES;
				GCC_WARN_UNINITIALIZED_AUTOS = YES_AGGRESSIVE;
				GCC_WARN_UNUSED_FUNCTION = YES;
				GCC_WARN_UNUSED_VARIABLE = YES;
				MACOSX_DEPLOYMENT_TARGET = 10.14;
				MTL_ENABLE_DEBUG_INFO = INCLUDE_SOURCE;
				MTL_FAST_MATH = YES;
				ONLY_ACTIVE_ARCH = YES;
				SDKROOT = macosx;
			};
			name = Debug;
		};
		72D54EF122C5F92600BCB62A /* Release */ = {
			isa = XCBuildConfiguration;
			buildSettings = {
				ALWAYS_SEARCH_USER_PATHS = NO;
				CLANG_ANALYZER_NONNULL = YES;
				CLANG_ANALYZER_NUMBER_OBJECT_CONVERSION = YES_AGGRESSIVE;
				CLANG_CXX_LANGUAGE_STANDARD = "gnu++14";
				CLANG_CXX_LIBRARY = "libc++";
				CLANG_ENABLE_MODULES = YES;
				CLANG_ENABLE_OBJC_ARC = YES;
				CLANG_ENABLE_OBJC_WEAK = YES;
				CLANG_WARN_BLOCK_CAPTURE_AUTORELEASING = YES;
				CLANG_WARN_BOOL_CONVERSION = YES;
				CLANG_WARN_COMMA = YES;
				CLANG_WARN_CONSTANT_CONVERSION = YES;
				CLANG_WARN_DEPRECATED_OBJC_IMPLEMENTATIONS = YES;
				CLANG_WARN_DIRECT_OBJC_ISA_USAGE = YES_ERROR;
				CLANG_WARN_DOCUMENTATION_COMMENTS = YES;
				CLANG_WARN_EMPTY_BODY = YES;
				CLANG_WARN_ENUM_CONVERSION = YES;
				CLANG_WARN_INFINITE_RECURSION = YES;
				CLANG_WARN_INT_CONVERSION = YES;
				CLANG_WARN_NON_LITERAL_NULL_CONVERSION = YES;
				CLANG_WARN_OBJC_IMPLICIT_RETAIN_SELF = YES;
				CLANG_WARN_OBJC_LITERAL_CONVERSION = YES;
				CLANG_WARN_OBJC_ROOT_CLASS = YES_ERROR;
				CLANG_WARN_RANGE_LOOP_ANALYSIS = YES;
				CLANG_WARN_STRICT_PROTOTYPES = YES;
				CLANG_WARN_SUSPICIOUS_MOVE = YES;
				CLANG_WARN_UNGUARDED_AVAILABILITY = YES_AGGRESSIVE;
				CLANG_WARN_UNREACHABLE_CODE = YES;
				CLANG_WARN__DUPLICATE_METHOD_MATCH = YES;
				CODE_SIGN_IDENTITY = "Mac Developer";
				COPY_PHASE_STRIP = NO;
				DEBUG_INFORMATION_FORMAT = "dwarf-with-dsym";
				ENABLE_NS_ASSERTIONS = NO;
				ENABLE_STRICT_OBJC_MSGSEND = YES;
				GCC_C_LANGUAGE_STANDARD = gnu11;
				GCC_NO_COMMON_BLOCKS = YES;
				GCC_WARN_64_TO_32_BIT_CONVERSION = YES;
				GCC_WARN_ABOUT_RETURN_TYPE = YES_ERROR;
				GCC_WARN_UNDECLARED_SELECTOR = YES;
				GCC_WARN_UNINITIALIZED_AUTOS = YES_AGGRESSIVE;
				GCC_WARN_UNUSED_FUNCTION = YES;
				GCC_WARN_UNUSED_VARIABLE = YES;
				MACOSX_DEPLOYMENT_TARGET = 10.14;
				MTL_ENABLE_DEBUG_INFO = NO;
				MTL_FAST_MATH = YES;
				SDKROOT = macosx;
			};
			name = Release;
		};
		72D54EF322C5F92600BCB62A /* Debug */ = {
			isa = XCBuildConfiguration;
			buildSettings = {
				CODE_SIGN_STYLE = Automatic;
				DEVELOPMENT_TEAM = D24ZF2P2US;
				PRODUCT_NAME = "$(TARGET_NAME)";
			};
			name = Debug;
		};
		72D54EF422C5F92600BCB62A /* Release */ = {
			isa = XCBuildConfiguration;
			buildSettings = {
				CODE_SIGN_STYLE = Automatic;
				DEVELOPMENT_TEAM = D24ZF2P2US;
				PRODUCT_NAME = "$(TARGET_NAME)";
			};
			name = Release;
		};
		72D54EFE22C5FC5C00BCB62A /* Debug */ = {
			isa = XCBuildConfiguration;
			buildSettings = {
				CODE_SIGN_STYLE = Automatic;
				DEVELOPMENT_TEAM = D24ZF2P2US;
				PRODUCT_NAME = "$(TARGET_NAME)";
			};
			name = Debug;
		};
		72D54EFF22C5FC5C00BCB62A /* Release */ = {
			isa = XCBuildConfiguration;
			buildSettings = {
				CODE_SIGN_STYLE = Automatic;
				DEVELOPMENT_TEAM = D24ZF2P2US;
				PRODUCT_NAME = "$(TARGET_NAME)";
			};
			name = Release;
		};
		72D54F0922C5FE7A00BCB62A /* Debug */ = {
			isa = XCBuildConfiguration;
			buildSettings = {
				CODE_SIGN_STYLE = Automatic;
				DEVELOPMENT_TEAM = D24ZF2P2US;
				PRODUCT_NAME = "$(TARGET_NAME)";
			};
			name = Debug;
		};
		72D54F0A22C5FE7A00BCB62A /* Release */ = {
			isa = XCBuildConfiguration;
			buildSettings = {
				CODE_SIGN_STYLE = Automatic;
				DEVELOPMENT_TEAM = D24ZF2P2US;
				PRODUCT_NAME = "$(TARGET_NAME)";
			};
			name = Release;
		};
		72D54F1422C5FF4600BCB62A /* Debug */ = {
			isa = XCBuildConfiguration;
			buildSettings = {
				CODE_SIGN_STYLE = Automatic;
				DEVELOPMENT_TEAM = D24ZF2P2US;
				PRODUCT_NAME = "$(TARGET_NAME)";
			};
			name = Debug;
		};
		72D54F1522C5FF4600BCB62A /* Release */ = {
			isa = XCBuildConfiguration;
			buildSettings = {
				CODE_SIGN_STYLE = Automatic;
				DEVELOPMENT_TEAM = D24ZF2P2US;
				PRODUCT_NAME = "$(TARGET_NAME)";
			};
			name = Release;
		};
		72D54F1F22C6033E00BCB62A /* Debug */ = {
			isa = XCBuildConfiguration;
			buildSettings = {
				CODE_SIGN_STYLE = Automatic;
				DEVELOPMENT_TEAM = D24ZF2P2US;
				PRODUCT_NAME = "$(TARGET_NAME)";
			};
			name = Debug;
		};
		72D54F2022C6033E00BCB62A /* Release */ = {
			isa = XCBuildConfiguration;
			buildSettings = {
				CODE_SIGN_STYLE = Automatic;
				DEVELOPMENT_TEAM = D24ZF2P2US;
				PRODUCT_NAME = "$(TARGET_NAME)";
			};
			name = Release;
		};
		72E31DA922CF87C500CFB43F /* Debug */ = {
			isa = XCBuildConfiguration;
			buildSettings = {
				CODE_SIGN_STYLE = Automatic;
				DEVELOPMENT_TEAM = D24ZF2P2US;
				PRODUCT_NAME = "$(TARGET_NAME)";
			};
			name = Debug;
		};
		72E31DAA22CF87C500CFB43F /* Release */ = {
			isa = XCBuildConfiguration;
			buildSettings = {
				CODE_SIGN_STYLE = Automatic;
				DEVELOPMENT_TEAM = D24ZF2P2US;
				PRODUCT_NAME = "$(TARGET_NAME)";
			};
			name = Release;
		};
/* End XCBuildConfiguration section */

/* Begin XCConfigurationList section */
		720C9CC922C8500D0043121E /* Build configuration list for PBXNativeTarget "isBalanced" */ = {
			isa = XCConfigurationList;
			buildConfigurations = (
				720C9CC722C8500D0043121E /* Debug */,
				720C9CC822C8500D0043121E /* Release */,
			);
			defaultConfigurationIsVisible = 0;
			defaultConfigurationName = Release;
		};
		720FE31F22D8C1D400D0E930 /* Build configuration list for PBXNativeTarget "Traversal" */ = {
			isa = XCConfigurationList;
			buildConfigurations = (
				720FE31D22D8C1D400D0E930 /* Debug */,
				720FE31E22D8C1D400D0E930 /* Release */,
			);
			defaultConfigurationIsVisible = 0;
			defaultConfigurationName = Release;
		};
		720FE32822D8C31B00D0E930 /* Build configuration list for PBXNativeTarget "maxSubArray" */ = {
			isa = XCConfigurationList;
			buildConfigurations = (
				720FE32922D8C31B00D0E930 /* Debug */,
				720FE32A22D8C31B00D0E930 /* Release */,
			);
			defaultConfigurationIsVisible = 0;
			defaultConfigurationName = Release;
		};
		72BD51D822D0360D0040632E /* Build configuration list for PBXNativeTarget "addTwoNumbers" */ = {
			isa = XCConfigurationList;
			buildConfigurations = (
				72BD51D622D0360D0040632E /* Debug */,
				72BD51D722D0360D0040632E /* Release */,
			);
			defaultConfigurationIsVisible = 0;
			defaultConfigurationName = Release;
		};
		72BD51E122D03CF80040632E /* Build configuration list for PBXNativeTarget "lengthOfLongestSubstring" */ = {
			isa = XCConfigurationList;
			buildConfigurations = (
				72BD51E222D03CF80040632E /* Debug */,
				72BD51E322D03CF80040632E /* Release */,
			);
			defaultConfigurationIsVisible = 0;
			defaultConfigurationName = Release;
		};
		72CCB3E322C7056500DF1C59 /* Build configuration list for PBXNativeTarget "lengthOfLastWord" */ = {
			isa = XCConfigurationList;
			buildConfigurations = (
				72CCB3E122C7056500DF1C59 /* Debug */,
				72CCB3E222C7056500DF1C59 /* Release */,
			);
			defaultConfigurationIsVisible = 0;
			defaultConfigurationName = Release;
		};
		72CCB3EC22C7080A00DF1C59 /* Build configuration list for PBXNativeTarget "plusOne" */ = {
			isa = XCConfigurationList;
			buildConfigurations = (
				72CCB3ED22C7080A00DF1C59 /* Debug */,
				72CCB3EE22C7080A00DF1C59 /* Release */,
			);
			defaultConfigurationIsVisible = 0;
			defaultConfigurationName = Release;
		};
		72CF1D4522C639C9000178AD /* Build configuration list for PBXNativeTarget "MyQueue" */ = {
			isa = XCConfigurationList;
			buildConfigurations = (
				72CF1D4322C639C9000178AD /* Debug */,
				72CF1D4422C639C9000178AD /* Release */,
			);
			defaultConfigurationIsVisible = 0;
			defaultConfigurationName = Release;
		};
		72CF1D5022C63CD9000178AD /* Build configuration list for PBXNativeTarget "deleteNode" */ = {
			isa = XCConfigurationList;
			buildConfigurations = (
				72CF1D4E22C63CD9000178AD /* Debug */,
				72CF1D4F22C63CD9000178AD /* Release */,
			);
			defaultConfigurationIsVisible = 0;
			defaultConfigurationName = Release;
		};
		72CF1D5922C63E1A000178AD /* Build configuration list for PBXNativeTarget "isUgly" */ = {
			isa = XCConfigurationList;
			buildConfigurations = (
				72CF1D5A22C63E1A000178AD /* Debug */,
				72CF1D5B22C63E1A000178AD /* Release */,
			);
			defaultConfigurationIsVisible = 0;
			defaultConfigurationName = Release;
		};
		72CF1D6422C63F8E000178AD /* Build configuration list for PBXNativeTarget "addDigits" */ = {
			isa = XCConfigurationList;
			buildConfigurations = (
				72CF1D6522C63F8E000178AD /* Debug */,
				72CF1D6622C63F8E000178AD /* Release */,
			);
			defaultConfigurationIsVisible = 0;
			defaultConfigurationName = Release;
		};
		72CF1D6F22C640DC000178AD /* Build configuration list for PBXNativeTarget "intersection" */ = {
			isa = XCConfigurationList;
			buildConfigurations = (
				72CF1D7022C640DC000178AD /* Debug */,
				72CF1D7122C640DC000178AD /* Release */,
			);
			defaultConfigurationIsVisible = 0;
			defaultConfigurationName = Release;
		};
		72CF1D7A22C64985000178AD /* Build configuration list for PBXNativeTarget "singleNumber" */ = {
			isa = XCConfigurationList;
			buildConfigurations = (
				72CF1D7B22C64985000178AD /* Debug */,
				72CF1D7C22C64985000178AD /* Release */,
			);
			defaultConfigurationIsVisible = 0;
			defaultConfigurationName = Release;
		};
		72D54EE622C5F92600BCB62A /* Build configuration list for PBXProject "cplusplus" */ = {
			isa = XCConfigurationList;
			buildConfigurations = (
				72D54EF022C5F92600BCB62A /* Debug */,
				72D54EF122C5F92600BCB62A /* Release */,
			);
			defaultConfigurationIsVisible = 0;
			defaultConfigurationName = Release;
		};
		72D54EF222C5F92600BCB62A /* Build configuration list for PBXNativeTarget "cplusplus" */ = {
			isa = XCConfigurationList;
			buildConfigurations = (
				72D54EF322C5F92600BCB62A /* Debug */,
				72D54EF422C5F92600BCB62A /* Release */,
			);
			defaultConfigurationIsVisible = 0;
			defaultConfigurationName = Release;
		};
		72D54EFD22C5FC5C00BCB62A /* Build configuration list for PBXNativeTarget "twoSum" */ = {
			isa = XCConfigurationList;
			buildConfigurations = (
				72D54EFE22C5FC5C00BCB62A /* Debug */,
				72D54EFF22C5FC5C00BCB62A /* Release */,
			);
			defaultConfigurationIsVisible = 0;
			defaultConfigurationName = Release;
		};
		72D54F0822C5FE7A00BCB62A /* Build configuration list for PBXNativeTarget "reverse" */ = {
			isa = XCConfigurationList;
			buildConfigurations = (
				72D54F0922C5FE7A00BCB62A /* Debug */,
				72D54F0A22C5FE7A00BCB62A /* Release */,
			);
			defaultConfigurationIsVisible = 0;
			defaultConfigurationName = Release;
		};
		72D54F1322C5FF4600BCB62A /* Build configuration list for PBXNativeTarget "isPalindrome" */ = {
			isa = XCConfigurationList;
			buildConfigurations = (
				72D54F1422C5FF4600BCB62A /* Debug */,
				72D54F1522C5FF4600BCB62A /* Release */,
			);
			defaultConfigurationIsVisible = 0;
			defaultConfigurationName = Release;
		};
		72D54F1E22C6033E00BCB62A /* Build configuration list for PBXNativeTarget "mergeTwoLists" */ = {
			isa = XCConfigurationList;
			buildConfigurations = (
				72D54F1F22C6033E00BCB62A /* Debug */,
				72D54F2022C6033E00BCB62A /* Release */,
			);
			defaultConfigurationIsVisible = 0;
			defaultConfigurationName = Release;
		};
		72E31DAB22CF87C500CFB43F /* Build configuration list for PBXNativeTarget "reverseList" */ = {
			isa = XCConfigurationList;
			buildConfigurations = (
				72E31DA922CF87C500CFB43F /* Debug */,
				72E31DAA22CF87C500CFB43F /* Release */,
			);
			defaultConfigurationIsVisible = 0;
			defaultConfigurationName = Release;
		};
/* End XCConfigurationList section */
	};
	rootObject = 72D54EE322C5F92600BCB62A /* Project object */;
}
